{
  "name": "ms5803",
  "version": "1.0.0",
  "lockfileVersion": 1,
  "requires": true,
  "dependencies": {
    "bindings": {
      "version": "1.2.1",
      "resolved": "https://registry.npmjs.org/bindings/-/bindings-1.2.1.tgz",
      "integrity": "sha1-FK1hE4EtLTfXLme0ystLtyZQXxE="
    },
    "coffee-script": {
      "version": "1.9.1",
      "resolved": "https://registry.npmjs.org/coffee-script/-/coffee-script-1.9.1.tgz",
      "integrity": "sha1-xFjQIgD0YNBkp5y2qx7m4snKHDE="
    },
    "i2c": {
      "version": "0.2.3",
      "resolved": "https://registry.npmjs.org/i2c/-/i2c-0.2.3.tgz",
      "integrity": "sha1-9D9wKBQQJq5IrymQo3RjPR2rPSs=",
      "requires": {
        "bindings": "1.2.1",
        "coffee-script": "1.9.1",
        "nan": "2.3.5",
        "repl": "0.1.3",
        "underscore": "1.8.2"
      }
    },
    "is-promise": {
      "version": "1.0.1",
      "resolved": "https://registry.npmjs.org/is-promise/-/is-promise-1.0.1.tgz",
      "integrity": "sha1-MVc3YcBX4zwukaq56W2gjO++duU="
    },
    "long": {
      "version": "4.0.0",
      "resolved": "https://registry.npmjs.org/long/-/long-4.0.0.tgz",
      "integrity": "sha512-XsP+KhQif4bjX1kbuSiySJFNAehNxgLb6hPRGJ9QsUr8ajHkuXGdrHmFUTUUXhDwVX2R5bY4JNZEwbUiMhV+MA=="
    },
    "nan": {
      "version": "2.3.5",
      "resolved": "https://registry.npmjs.org/nan/-/nan-2.3.5.tgz",
      "integrity": "sha1-gioNwmYpDOTNOhIoLKPn42Rmigg="
    },
    "nodeify": {
      "version": "1.0.1",
      "resolved": "https://registry.npmjs.org/nodeify/-/nodeify-1.0.1.tgz",
      "integrity": "sha1-ZKtpp7268DzhB7TwM1yHwLnpGx0=",
      "requires": {
        "is-promise": "1.0.1",
        "promise": "1.3.0"
      }
    },
    "promise": {
      "version": "1.3.0",
      "resolved": "https://registry.npmjs.org/promise/-/promise-1.3.0.tgz",
      "integrity": "sha1-5cyaTIJ45GZP/twBx9qEhCsEAXU=",
      "requires": {
        "is-promise": "1.0.1"
      }
    },
    "repl": {
      "version": "0.1.3",
      "resolved": "https://registry.npmjs.org/repl/-/repl-0.1.3.tgz",
      "integrity": "sha1-LwXUKwyItD0FzL2hDtFK7/Vpm2A="
    },
    "underscore": {
      "version": "1.8.2",
      "resolved": "https://registry.npmjs.org/underscore/-/underscore-1.8.2.tgz",
      "integrity": "sha1-ZN8utZCJnelQeC83NRkLpC6/MR0="
    }
  }
}
